
Microsoft Visual Studio Solution File, Format Version 12.00
# Visual Studio 15
VisualStudioVersion = 15.0.28307.902
MinimumVisualStudioVersion = 10.0.40219.1
Project("{9A19103F-16F7-4668-BE54-9A1E7A4F7556}") = "EmployeeManagement", "EmployeeManagement\EmployeeManagement.csproj", "{C5DF20E0-357D-4452-B2E2-33A7B2EFA4FD}"
EndProject
Global
	GlobalSection(SolutionConfigurationPlatforms) = preSolution
		Debug|Any CPU = Debug|Any CPU
		Release|Any CPU = Release|Any CPU
	EndGlobalSection
	GlobalSection(ProjectConfigurationPlatforms) = postSolution
		{C5DF20E0-357D-4452-B2E2-33A7B2EFA4FD}.Debug|Any CPU.ActiveCfg = Debug|Any CPU
		{C5DF20E0-357D-4452-B2E2-33A7B2EFA4FD}.Debug|Any CPU.Build.0 = Debug|Any CPU
		{C5DF20E0-357D-4452-B2E2-33A7B2EFA4FD}.Release|Any CPU.ActiveCfg = Release|Any CPU
		{C5DF20E0-357D-4452-B2E2-33A7B2EFA4FD}.Release|Any CPU.Build.0 = Release|Any CPU
	EndGlobalSection
	GlobalSection(SolutionProperties) = preSolution
		HideSolutionNode = FALSE
	EndGlobalSection
	GlobalSection(ExtensibilityGlobals) = postSolution
		SolutionGuid = {7137661D-1E43-4D7F-92EC-02D24A805B28}
	EndGlobalSection
EndGlobal
